
Microsoft Visual Studio Solution File, Format Version 12.00
# Visual Studio Version 17
VisualStudioVersion = 17.14.36109.1 d17.14
MinimumVisualStudioVersion = 10.0.40219.1
Project("{FAE04EC0-301F-11D3-BF4B-00C04F79EFBC}") = "MauiAppMinhasCompras", "MauiAppMinhasCompras\MauiAppMinhasCompras.csproj", "{1A30B289-F6CB-4BD8-A463-9893A418517E}"
EndProject
Global
	GlobalSection(SolutionConfigurationPlatforms) = preSolution
		Debug|Any CPU = Debug|Any CPU
		Release|Any CPU = Release|Any CPU
	EndGlobalSection
	GlobalSection(ProjectConfigurationPlatforms) = postSolution
		{1A30B289-F6CB-4BD8-A463-9893A418517E}.Debug|Any CPU.ActiveCfg = Debug|Any CPU
		{1A30B289-F6CB-4BD8-A463-9893A418517E}.Debug|Any CPU.Build.0 = Debug|Any CPU
		{1A30B289-F6CB-4BD8-A463-9893A418517E}.Debug|Any CPU.Deploy.0 = Debug|Any CPU
		{1A30B289-F6CB-4BD8-A463-9893A418517E}.Release|Any CPU.ActiveCfg = Release|Any CPU
		{1A30B289-F6CB-4BD8-A463-9893A418517E}.Release|Any CPU.Build.0 = Release|Any CPU
		{1A30B289-F6CB-4BD8-A463-9893A418517E}.Release|Any CPU.Deploy.0 = Release|Any CPU
	EndGlobalSection
	GlobalSection(SolutionProperties) = preSolution
		HideSolutionNode = FALSE
	EndGlobalSection
	GlobalSection(ExtensibilityGlobals) = postSolution
		SolutionGuid = {648FFDAB-E983-4F12-B30A-17CD60D3077C}
	EndGlobalSection
EndGlobal
